github.com/apache/arrow-go/v18 v18.4.0 h1:/RvkGqH517iY8bZKc4FD5/kkdwXJGjxf28JIXbJ/oB0=
github.com/apache/arrow-go/v18 v18.4.0/go.mod h1:Aawvwhj8x2jURIzD9Moy72cF0FyJXOpkYpdmGRHcw14=
github.com/duckdb/duckdb-go-bindings v0.1.17 h1:SjpRwrJ7v0vqnIvLeVFHlhuS72+Lp8xxQ5jIER2LZP4=
github.com/duckdb/duckdb-go-bindings v0.1.17/go.mod h1:pBnfviMzANT/9hi4bg+zW4ykRZZPCXlVuvBWEcZofkc=
github.com/duckdb/duckdb-go-bindings/darwin-amd64 v0.1.12 h1:8CLBnsq9YDhi2Gmt3sjSUeXxMzyMQAKefjqUy9zVPFk=
github.com/duckdb/duckdb-go-bindings/darwin-amd64 v0.1.12/go.mod h1:Ezo7IbAfB8NP7CqPIN8XEHKUg5xdRRQhcPPlCXImXYA=
github.com/duckdb/duckdb-go-bindings/darwin-arm64 v0.1.12 h1:wjO4I0GhMh2xIpiUgRpzuyOT4KxXLoUS/rjU7UUVvCE=
github.com/duckdb/duckdb-go-bindings/darwin-arm64 v0.1.12/go.mod h1:eS7m/mLnPQgVF4za1+xTyorKRBuK0/BA44Oy6DgrGXI=
github.com/duckdb/duckdb-go-bindings/linux-amd64 v0.1.12 h1:HzKQi2C+1jzmwANsPuYH6x9Sfw62SQTjNAEq3OySKFI=
github.com/duckdb/duckdb-go-bindings/linux-amd64 v0.1.12/go.mod h1:1GOuk1PixiESxLaCGFhag+oFi7aP+9W8byymRAvunBk=
github.com/duckdb/duckdb-go-bindings/linux-arm64 v0.1.12 h1:YGSR7AFLw2gJ7IbgLE6DkKYmgKv1LaRSd/ZKF1yh2oE=
github.com/duckdb/duckdb-go-bindings/linux-arm64 v0.1.12/go.mod h1:o7crKMpT2eOIi5/FY6HPqaXcvieeLSqdXXaXbruGX7w=
github.com/duckdb/duckdb-go-bindings/windows-amd64 v0.1.12 h1:2aduW6fnFnT2Q45PlIgHbatsPOxV9WSZ5B2HzFfxaxA=
github.com/duckdb/duckdb-go-bindings/windows-amd64 v0.1.12/go.mod h1:IlOhJdVKUJCAPj3QsDszUo8DVdvp1nBFp4TUJVdw99s=
github.com/go-viper/mapstructure/v2 v2.3.0 h1:27XbWsHIqhbdR5TIC911OfYvgSaW93HM+dX7970Q7jk=
github.com/go-viper/mapstructure/v2 v2.3.0/go.mod h1:oJDH3BJKyqBA2TXFhDsKDGDTlndYOZ6rGS0BRZIxGhM=
github.com/goccy/go-json v0.10.5 h1:Fq85nIqj+gXn/S5ahsiTlK3TmC85qgirsdTP/+DeaC4=
github.com/goccy/go-json v0.10.5/go.mod h1:oq7eo15ShAhp70Anwd5lgX2pLfOS3QCiwU/PULtXL6M=
github.com/google/flatbuffers v25.2.10+incompatible h1:F3vclr7C3HpB1k9mxCGRMXq6FdUalZ6H/pNX4FP1v0Q=
github.com/google/flatbuffers v25.2.10+incompatible/go.mod h1:1AeVuKshWv4vARoZatz6mlQ0JxURH0Kv5+zNeJKJCa8=
github.com/google/uuid v1.6.0 h1:NIvaJDMOsjHA8n1jAhLSgzrAzy1Hgr+hNrb57e+94F0=
github.com/google/uuid v1.6.0/go.mod h1:TIyPZe4MgqvfeYDBFedMoGGpEw/LqOeaOT+nhxU+yHo=
github.com/jinzhu/inflection v1.0.0 h1:K317FqzuhWc8YvSVlFMCCUb36O/S9MCKRDI7QkRKD/E=
github.com/jinzhu/inflection v1.0.0/go.mod h1:h+uFLlag+Qp1Va5pdKtLDYj+kHp5pxUVkryuEj+Srlc=
github.com/jinzhu/now v1.1.5 h1:/o9tlHleP7gOFmsnYNz3RGnqzefHA47wQpKrrdTIwXQ=
github.com/jinzhu/now v1.1.5/go.mod h1:d3SSVoowX0Lcu0IBviAWJpolVfI5UJVZZ7cO71lE/z8=
github.com/klauspost/compress v1.18.0 h1:c/Cqfb0r+Yi+JtIEq73FWXVkRonBlf0CRNYc8Zttxdo=
github.com/klauspost/compress v1.18.0/go.mod h1:2Pp+KzxcywXVXMr50+X0Q/Lsb43OQHYWRCY2AiWywWQ=
github.com/klauspost/cpuid/v2 v2.2.11 h1:0OwqZRYI2rFrjS4kvkDnqJkKHdHaRnCm68/DY4OxRzU=
github.com/klauspost/cpuid/v2 v2.2.11/go.mod h1:hqwkgyIinND0mEev00jJYCxPNVRVXFQeu1XKlok6oO0=
github.com/marcboeker/go-duckdb/arrowmapping v0.0.10 h1:G1W+GVnUefR8uy7jHdNO+CRMsmFG5mFPIHVAespfFCA=
github.com/marcboeker/go-duckdb/arrowmapping v0.0.10/go.mod h1:jccUb8TYD0p5TsEEeN4SXuslNJHo23QaKOqKD+U6uFU=
github.com/marcboeker/go-duckdb/mapping v0.0.11 h1:fusN1b1l7Myxafifp596I6dNLNhN5Uv/rw31qAqBwqw=
github.com/marcboeker/go-duckdb/mapping v0.0.11/go.mod h1:aYBjFLgfKO0aJIbDtXPiaL5/avRQISveX/j9tMf9JhU=
github.com/marcboeker/go-duckdb/v2 v2.3.6 h1:JRZUqdV0xXpkKdwukDqTMiNmVqJVaYmV2PWIe3TmOIw=
github.com/marcboeker/go-duckdb/v2 v2.3.6/go.mod h1:8adNrftF4Ye29XMrpIl5NYNosTVsZu1mz3C82WdVvrk=
github.com/pierrec/lz4/v4 v4.1.22 h1:cKFw6uJDK+/gfw5BcDL0JL5aBsAFdsIT18eRtLj7VIU=
github.com/pierrec/lz4/v4 v4.1.22/go.mod h1:gZWDp/Ze/IJXGXf23ltt2EXimqmTUXEy0GFuRQyBid4=
github.com/vogo/duckdb v0.0.0-20250913235401-708a3f3e7093 h1:ymXcp30OXClPnDJ+B1ZPB8Fwt4ewELGMuWb3Rrufr5E=
github.com/vogo/duckdb v0.0.0-20250913235401-708a3f3e7093/go.mod h1:9qy1HIfbpQx/4WvOmqD0BfnyY5ZRfAqyMvMZdiBQ2Yc=
github.com/zeebo/xxh3 v1.0.2 h1:xZmwmqxHZA8AI603jOQ0tMqmBr9lPeFwGg6d+xy9DC0=
github.com/zeebo/xxh3 v1.0.2/go.mod h1:5NWz9Sef7zIDm2JHfFlcQvNekmcEl9ekUZQQKCYaDcA=
golang.org/x/exp v0.0.0-20250408133849-7e4ce0ab07d0 h1:R84qjqJb5nVJMxqWYb3np9L5ZsaDtB+a39EqjV0JSUM=
golang.org/x/exp v0.0.0-20250408133849-7e4ce0ab07d0/go.mod h1:S9Xr4PYopiDyqSyp5NjCrhFrqg6A5zA2E/iPHPhqnS8=
golang.org/x/mod v0.25.0 h1:n7a+ZbQKQA/Ysbyb0/6IbB1H/X41mKgbhfv7AfG/44w=
golang.org/x/mod v0.25.0/go.mod h1:IXM97Txy2VM4PJ3gI61r1YEk/gAj6zAHN3AdZt6S9Ww=
golang.org/x/sync v0.15.0 h1:KWH3jNZsfyT6xfAfKiz6MRNmd46ByHDYaZ7KSkCtdW8=
golang.org/x/sync v0.15.0/go.mod h1:1dzgHSNfp02xaA81J2MS99Qcpr2w7fw1gpm99rleRqA=
golang.org/x/sys v0.33.0 h1:q3i8TbbEz+JRD9ywIRlyRAQbM0qF7hu24q3teo2hbuw=
golang.org/x/sys v0.33.0/go.mod h1:BJP2sWEmIv4KK5OTEluFJCKSidICx8ciO85XgH3Ak8k=
golang.org/x/text v0.26.0 h1:P42AVeLghgTYr4+xUnTRKDMqpar+PtX7KWuNQL21L8M=
golang.org/x/text v0.26.0/go.mod h1:QK15LZJUUQVJxhz7wXgxSy/CJaTFjd0G+YLonydOVQA=
golang.org/x/tools v0.34.0 h1:qIpSLOxeCYGg9TrcJokLBG4KFA6d795g0xkBkiESGlo=
golang.org/x/tools v0.34.0/go.mod h1:pAP9OwEaY1CAW3HOmg3hLZC5Z0CCmzjAF2UQMSqNARg=
golang.org/x/xerrors v0.0.0-20240903120638-7835f813f4da h1:noIWHXmPHxILtqtCOPIhSt0ABwskkZKjD3bXGnZGpNY=
golang.org/x/xerrors v0.0.0-20240903120638-7835f813f4da/go.mod h1:NDW/Ps6MPRej6fsCIbMTohpP40sJ/P/vI1MoTEGwX90=
gorm.io/gorm v1.25.12 h1:I0u8i2hWQItBq1WfE0o2+WuL9+8L21K9e2HHSTE/0f8=
gorm.io/gorm v1.25.12/go.mod h1:xh7N7RHfYlNc5EmcI/El95gXusucDrQnHXe0+CgWcLQ=
